
Microsoft Visual Studio Solution File, Format Version 12.00
Project("{F2A71F9B-5D33-465A-A702-920D77279786}") = "Operture.Api", "Operture.Api\Operture.Api.fsproj", "{2FA003F8-558D-4CC2-B664-3B9A852F4B12}"
EndProject
Global
	GlobalSection(SolutionConfigurationPlatforms) = preSolution
		Debug|Any CPU = Debug|Any CPU
		Release|Any CPU = Release|Any CPU
	EndGlobalSection
	GlobalSection(ProjectConfigurationPlatforms) = postSolution
		{2FA003F8-558D-4CC2-B664-3B9A852F4B12}.Debug|Any CPU.ActiveCfg = Debug|Any CPU
		{2FA003F8-558D-4CC2-B664-3B9A852F4B12}.Debug|Any CPU.Build.0 = Debug|Any CPU
		{2FA003F8-558D-4CC2-B664-3B9A852F4B12}.Release|Any CPU.ActiveCfg = Release|Any CPU
		{2FA003F8-558D-4CC2-B664-3B9A852F4B12}.Release|Any CPU.Build.0 = Release|Any CPU
	EndGlobalSection
EndGlobal
